speakeasyVersion: 1.581.0
sources:
    The Speakeasy Bar:
        sourceNamespace: the-speakeasy-bar
        sourceRevisionDigest: sha256:f499af0138877527d8ec8f8a5164578d3df6523aeff1f1ad224aca2b1a63049f
        sourceBlobDigest: sha256:9b632c747ac37c320102dc97f6bdb61d28e9e2fb5548277ff4925698b3334a70
        tags:
            - latest
            - speakeasy-sdk-regen-1751591711
            - 1.0.0
targets:
    speakeasy-bar:
        source: The Speakeasy Bar
        sourceNamespace: the-speakeasy-bar
        sourceRevisionDigest: sha256:f499af0138877527d8ec8f8a5164578d3df6523aeff1f1ad224aca2b1a63049f
        sourceBlobDigest: sha256:9b632c747ac37c320102dc97f6bdb61d28e9e2fb5548277ff4925698b3334a70
        codeSamplesNamespace: the-speakeasy-bar-typescript-code-samples
        codeSamplesRevisionDigest: sha256:f2461242e635cf094b9aca9f5549c79f3bbacafe338974668d8eb68b14fef2a1
workflow:
    workflowVersion: 1.0.0
    speakeasyVersion: latest
    sources:
        The Speakeasy Bar:
            inputs:
                - location: ./speakeasy-bar.yaml
            overlays:
                - location: .speakeasy/speakeasy-modifications-overlay.yaml
            output: .speakeasy/out.openapi.yaml
            registry:
                location: registry.speakeasyapi.dev/speakeasy-self/speakeasy-self/the-speakeasy-bar
    targets:
        speakeasy-bar:
            target: typescript
            source: The Speakeasy Bar
            codeSamples:
                registry:
                    location: registry.speakeasyapi.dev/speakeasy-self/speakeasy-self/the-speakeasy-bar-typescript-code-samples
                labelOverride:
                    fixedValue: Typescript (SDK)
                blocking: false
            testing:
                enabled: true
