speakeasyVersion: 1.575.4
sources:
    The Speakeasy Bar:
        sourceNamespace: the-speakeasy-bar
        sourceRevisionDigest: sha256:53435045c3ab72840a8f7a56c7d228359ccd76b479ece2f288ade4cafdbd35b9
        sourceBlobDigest: sha256:b76337fc3fd414bb25be261e74a1f0637b9d997571e232038181ab3fa960e897
        tags:
            - latest
            - 1.0.0
targets:
    speakeasy-bar:
        source: The Speakeasy Bar
        sourceNamespace: the-speakeasy-bar
        sourceRevisionDigest: sha256:53435045c3ab72840a8f7a56c7d228359ccd76b479ece2f288ade4cafdbd35b9
        sourceBlobDigest: sha256:b76337fc3fd414bb25be261e74a1f0637b9d997571e232038181ab3fa960e897
        codeSamplesNamespace: the-speakeasy-bar-typescript-code-samples
        codeSamplesRevisionDigest: sha256:585dfd21b8653305334cf1f2bcad23fe1a0e233e1dd4696055d359386fa40a7b
workflow:
    workflowVersion: 1.0.0
    speakeasyVersion: latest
    sources:
        The Speakeasy Bar:
            inputs:
                - location: ../../openapi-specs/speakeasy-bar.yaml
            overlays:
                - location: .speakeasy/speakeasy-modifications-overlay.yaml
            output: .speakeasy/out.openapi.yaml
            registry:
                location: registry.speakeasyapi.dev/speakeasy-self/speakeasy-self/the-speakeasy-bar
    targets:
        speakeasy-bar:
            target: typescript
            source: The Speakeasy Bar
            codeSamples:
                registry:
                    location: registry.speakeasyapi.dev/speakeasy-self/speakeasy-self/the-speakeasy-bar-typescript-code-samples
                labelOverride:
                    fixedValue: Typescript (SDK)
                blocking: false
            testing:
                enabled: true
